// !$*UTF8*$!
{
	archiveVersion = 1;
	classes = {
	};
	objectVersion = 56;
	objects = {

/* Begin PBXBuildFile section */
		368B3845298C899800EAEF5D /* AppDelegate.swift in Sources */ = {isa = PBXBuildFile; fileRef = 368B3844298C899800EAEF5D /* AppDelegate.swift */; };
		368B3847298C899800EAEF5D /* SceneDelegate.swift in Sources */ = {isa = PBXBuildFile; fileRef = 368B3846298C899800EAEF5D /* SceneDelegate.swift */; };
		368B3849298C899800EAEF5D /* ViewController.swift in Sources */ = {isa = PBXBuildFile; fileRef = 368B3848298C899800EAEF5D /* ViewController.swift */; };
		368B384C298C899800EAEF5D /* Main.storyboard in Resources */ = {isa = PBXBuildFile; fileRef = 368B384A298C899800EAEF5D /* Main.storyboard */; };
		368B384E298C899800EAEF5D /* Assets.xcassets in Resources */ = {isa = PBXBuildFile; fileRef = 368B384D298C899800EAEF5D /* Assets.xcassets */; };
		368B3851298C899900EAEF5D /* LaunchScreen.storyboard in Resources */ = {isa = PBXBuildFile; fileRef = 368B384F298C899900EAEF5D /* LaunchScreen.storyboard */; };
		368B385C298C899900EAEF5D /* WenderlichTests.swift in Sources */ = {isa = PBXBuildFile; fileRef = 368B385B298C899900EAEF5D /* WenderlichTests.swift */; };
		368B3876298C8BEE00EAEF5D /* FeedItem.swift in Sources */ = {isa = PBXBuildFile; fileRef = 368B3875298C8BEE00EAEF5D /* FeedItem.swift */; };
		368B3878298C8C0D00EAEF5D /* FeedItemTests.swift in Sources */ = {isa = PBXBuildFile; fileRef = 368B3877298C8C0D00EAEF5D /* FeedItemTests.swift */; };
		368B3879298C8C3D00EAEF5D /* FeedItem.swift in Sources */ = {isa = PBXBuildFile; fileRef = 368B3875298C8BEE00EAEF5D /* FeedItem.swift */; };
		368B387B298D8ACC00EAEF5D /* FeedParser.swift in Sources */ = {isa = PBXBuildFile; fileRef = 368B387A298D8ACC00EAEF5D /* FeedParser.swift */; };
		368B387E298D8B0500EAEF5D /* FeedParserTests.swift in Sources */ = {isa = PBXBuildFile; fileRef = 368B387D298D8B0500EAEF5D /* FeedParserTests.swift */; };
		368B3880298D8B1C00EAEF5D /* TestData.swift in Sources */ = {isa = PBXBuildFile; fileRef = 368B387F298D8B1C00EAEF5D /* TestData.swift */; };
		368B3882298DB5BD00EAEF5D /* JSONStructure.swift in Sources */ = {isa = PBXBuildFile; fileRef = 368B3881298DB5BD00EAEF5D /* JSONStructure.swift */; };
		368B3884298DB63D00EAEF5D /* JSONTests.swift in Sources */ = {isa = PBXBuildFile; fileRef = 368B3883298DB63D00EAEF5D /* JSONTests.swift */; };
		36B6F703298F08DA002E92BD /* FeedParser.swift in Sources */ = {isa = PBXBuildFile; fileRef = 368B387A298D8ACC00EAEF5D /* FeedParser.swift */; };
		36B6F704298F08DE002E92BD /* JSONStructure.swift in Sources */ = {isa = PBXBuildFile; fileRef = 368B3881298DB5BD00EAEF5D /* JSONStructure.swift */; };
		36B6F706298F0D3C002E92BD /* Constants.swift in Sources */ = {isa = PBXBuildFile; fileRef = 36B6F705298F0D3C002E92BD /* Constants.swift */; };
		36B6F707298F0E03002E92BD /* Constants.swift in Sources */ = {isa = PBXBuildFile; fileRef = 36B6F705298F0D3C002E92BD /* Constants.swift */; };
/* End PBXBuildFile section */

/* Begin PBXContainerItemProxy section */
		368B3858298C899900EAEF5D /* PBXContainerItemProxy */ = {
			isa = PBXContainerItemProxy;
			containerPortal = 368B3839298C899800EAEF5D /* Project object */;
			proxyType = 1;
			remoteGlobalIDString = 368B3840298C899800EAEF5D;
			remoteInfo = Wenderlich;
		};
/* End PBXContainerItemProxy section */

/* Begin PBXFileReference section */
		368B3841298C899800EAEF5D /* Wenderlich.app */ = {isa = PBXFileReference; explicitFileType = wrapper.application; includeInIndex = 0; path = Wenderlich.app; sourceTree = BUILT_PRODUCTS_DIR; };
		368B3844298C899800EAEF5D /* AppDelegate.swift */ = {isa = PBXFileReference; lastKnownFileType = sourcecode.swift; path = AppDelegate.swift; sourceTree = "<group>"; };
		368B3846298C899800EAEF5D /* SceneDelegate.swift */ = {isa = PBXFileReference; lastKnownFileType = sourcecode.swift; path = SceneDelegate.swift; sourceTree = "<group>"; };
		368B3848298C899800EAEF5D /* ViewController.swift */ = {isa = PBXFileReference; lastKnownFileType = sourcecode.swift; path = ViewController.swift; sourceTree = "<group>"; };
		368B384B298C899800EAEF5D /* Base */ = {isa = PBXFileReference; lastKnownFileType = file.storyboard; name = Base; path = Base.lproj/Main.storyboard; sourceTree = "<group>"; };
		368B384D298C899800EAEF5D /* Assets.xcassets */ = {isa = PBXFileReference; lastKnownFileType = folder.assetcatalog; path = Assets.xcassets; sourceTree = "<group>"; };
		368B3850298C899900EAEF5D /* Base */ = {isa = PBXFileReference; lastKnownFileType = file.storyboard; name = Base; path = Base.lproj/LaunchScreen.storyboard; sourceTree = "<group>"; };
		368B3852298C899900EAEF5D /* Info.plist */ = {isa = PBXFileReference; lastKnownFileType = text.plist.xml; path = Info.plist; sourceTree = "<group>"; };
		368B3857298C899900EAEF5D /* WenderlichTests.xctest */ = {isa = PBXFileReference; explicitFileType = wrapper.cfbundle; includeInIndex = 0; path = WenderlichTests.xctest; sourceTree = BUILT_PRODUCTS_DIR; };
		368B385B298C899900EAEF5D /* WenderlichTests.swift */ = {isa = PBXFileReference; lastKnownFileType = sourcecode.swift; path = WenderlichTests.swift; sourceTree = "<group>"; };
		368B3875298C8BEE00EAEF5D /* FeedItem.swift */ = {isa = PBXFileReference; lastKnownFileType = sourcecode.swift; path = FeedItem.swift; sourceTree = "<group>"; };
		368B3877298C8C0D00EAEF5D /* FeedItemTests.swift */ = {isa = PBXFileReference; lastKnownFileType = sourcecode.swift; path = FeedItemTests.swift; sourceTree = "<group>"; };
		368B387A298D8ACC00EAEF5D /* FeedParser.swift */ = {isa = PBXFileReference; lastKnownFileType = sourcecode.swift; path = FeedParser.swift; sourceTree = "<group>"; };
		368B387D298D8B0500EAEF5D /* FeedParserTests.swift */ = {isa = PBXFileReference; lastKnownFileType = sourcecode.swift; path = FeedParserTests.swift; sourceTree = "<group>"; };
		368B387F298D8B1C00EAEF5D /* TestData.swift */ = {isa = PBXFileReference; lastKnownFileType = sourcecode.swift; path = TestData.swift; sourceTree = "<group>"; };
		368B3881298DB5BD00EAEF5D /* JSONStructure.swift */ = {isa = PBXFileReference; lastKnownFileType = sourcecode.swift; path = JSONStructure.swift; sourceTree = "<group>"; };
		368B3883298DB63D00EAEF5D /* JSONTests.swift */ = {isa = PBXFileReference; lastKnownFileType = sourcecode.swift; path = JSONTests.swift; sourceTree = "<group>"; };
		36B6F705298F0D3C002E92BD /* Constants.swift */ = {isa = PBXFileReference; lastKnownFileType = sourcecode.swift; path = Constants.swift; sourceTree = "<group>"; };
/* End PBXFileReference section */

/* Begin PBXFrameworksBuildPhase section */
		368B383E298C899800EAEF5D /* Frameworks */ = {
			isa = PBXFrameworksBuildPhase;
			buildActionMask = 2147483647;
			files = (
			);
			runOnlyForDeploymentPostprocessing = 0;
		};
		368B3854298C899900EAEF5D /* Frameworks */ = {
			isa = PBXFrameworksBuildPhase;
			buildActionMask = 2147483647;
			files = (
			);
			runOnlyForDeploymentPostprocessing = 0;
		};
/* End PBXFrameworksBuildPhase section */

/* Begin PBXGroup section */
		368B3838298C899800EAEF5D = {
			isa = PBXGroup;
			children = (
				368B3843298C899800EAEF5D /* Wenderlich */,
				368B385A298C899900EAEF5D /* WenderlichTests */,
				368B3842298C899800EAEF5D /* Products */,
			);
			sourceTree = "<group>";
		};
		368B3842298C899800EAEF5D /* Products */ = {
			isa = PBXGroup;
			children = (
				368B3841298C899800EAEF5D /* Wenderlich.app */,
				368B3857298C899900EAEF5D /* WenderlichTests.xctest */,
			);
			name = Products;
			sourceTree = "<group>";
		};
		368B3843298C899800EAEF5D /* Wenderlich */ = {
			isa = PBXGroup;
			children = (
				368B3844298C899800EAEF5D /* AppDelegate.swift */,
				368B3846298C899800EAEF5D /* SceneDelegate.swift */,
				368B3848298C899800EAEF5D /* ViewController.swift */,
				36B6F705298F0D3C002E92BD /* Constants.swift */,
				368B3874298C8BBE00EAEF5D /* Models */,
				368B384A298C899800EAEF5D /* Main.storyboard */,
				368B384D298C899800EAEF5D /* Assets.xcassets */,
				368B384F298C899900EAEF5D /* LaunchScreen.storyboard */,
				368B3852298C899900EAEF5D /* Info.plist */,
			);
			path = Wenderlich;
			sourceTree = "<group>";
		};
		368B385A298C899900EAEF5D /* WenderlichTests */ = {
			isa = PBXGroup;
			children = (
				368B387C298D8AF100EAEF5D /* Test Data */,
				368B385B298C899900EAEF5D /* WenderlichTests.swift */,
				368B3877298C8C0D00EAEF5D /* FeedItemTests.swift */,
				368B387D298D8B0500EAEF5D /* FeedParserTests.swift */,
				368B3883298DB63D00EAEF5D /* JSONTests.swift */,
			);
			path = WenderlichTests;
			sourceTree = "<group>";
		};
		368B3874298C8BBE00EAEF5D /* Models */ = {
			isa = PBXGroup;
			children = (
				368B3875298C8BEE00EAEF5D /* FeedItem.swift */,
				368B387A298D8ACC00EAEF5D /* FeedParser.swift */,
				368B3881298DB5BD00EAEF5D /* JSONStructure.swift */,
			);
			path = Models;
			sourceTree = "<group>";
		};
		368B387C298D8AF100EAEF5D /* Test Data */ = {
			isa = PBXGroup;
			children = (
				368B387F298D8B1C00EAEF5D /* TestData.swift */,
			);
			path = "Test Data";
			sourceTree = "<group>";
		};
/* End PBXGroup section */

/* Begin PBXNativeTarget section */
		368B3840298C899800EAEF5D /* Wenderlich */ = {
			isa = PBXNativeTarget;
			buildConfigurationList = 368B386B298C899900EAEF5D /* Build configuration list for PBXNativeTarget "Wenderlich" */;
			buildPhases = (
				368B383D298C899800EAEF5D /* Sources */,
				368B383E298C899800EAEF5D /* Frameworks */,
				368B383F298C899800EAEF5D /* Resources */,
			);
			buildRules = (
			);
			dependencies = (
			);
			name = Wenderlich;
			productName = Wenderlich;
			productReference = 368B3841298C899800EAEF5D /* Wenderlich.app */;
			productType = "com.apple.product-type.application";
		};
		368B3856298C899900EAEF5D /* WenderlichTests */ = {
			isa = PBXNativeTarget;
			buildConfigurationList = 368B386E298C899900EAEF5D /* Build configuration list for PBXNativeTarget "WenderlichTests" */;
			buildPhases = (
				368B3853298C899900EAEF5D /* Sources */,
				368B3854298C899900EAEF5D /* Frameworks */,
				368B3855298C899900EAEF5D /* Resources */,
			);
			buildRules = (
			);
			dependencies = (
				368B3859298C899900EAEF5D /* PBXTargetDependency */,
			);
			name = WenderlichTests;
			productName = WenderlichTests;
			productReference = 368B3857298C899900EAEF5D /* WenderlichTests.xctest */;
			productType = "com.apple.product-type.bundle.unit-test";
		};
/* End PBXNativeTarget section */

/* Begin PBXProject section */
		368B3839298C899800EAEF5D /* Project object */ = {
			isa = PBXProject;
			attributes = {
				BuildIndependentTargetsInParallel = 1;
				LastSwiftUpdateCheck = 1420;
				LastUpgradeCheck = 1420;
				TargetAttributes = {
					368B3840298C899800EAEF5D = {
						CreatedOnToolsVersion = 14.2;
					};
					368B3856298C899900EAEF5D = {
						CreatedOnToolsVersion = 14.2;
						TestTargetID = 368B3840298C899800EAEF5D;
					};
				};
			};
			buildConfigurationList = 368B383C298C899800EAEF5D /* Build configuration list for PBXProject "Wenderlich" */;
			compatibilityVersion = "Xcode 14.0";
			developmentRegion = en;
			hasScannedForEncodings = 0;
			knownRegions = (
				en,
				Base,
			);
			mainGroup = 368B3838298C899800EAEF5D;
			productRefGroup = 368B3842298C899800EAEF5D /* Products */;
			projectDirPath = "";
			projectRoot = "";
			targets = (
				368B3840298C899800EAEF5D /* Wenderlich */,
				368B3856298C899900EAEF5D /* WenderlichTests */,
			);
		};
/* End PBXProject section */

/* Begin PBXResourcesBuildPhase section */
		368B383F298C899800EAEF5D /* Resources */ = {
			isa = PBXResourcesBuildPhase;
			buildActionMask = 2147483647;
			files = (
				368B3851298C899900EAEF5D /* LaunchScreen.storyboard in Resources */,
				368B384E298C899800EAEF5D /* Assets.xcassets in Resources */,
				368B384C298C899800EAEF5D /* Main.storyboard in Resources */,
			);
			runOnlyForDeploymentPostprocessing = 0;
		};
		368B3855298C899900EAEF5D /* Resources */ = {
			isa = PBXResourcesBuildPhase;
			buildActionMask = 2147483647;
			files = (
			);
			runOnlyForDeploymentPostprocessing = 0;
		};
/* End PBXResourcesBuildPhase section */

/* Begin PBXSourcesBuildPhase section */
		368B383D298C899800EAEF5D /* Sources */ = {
			isa = PBXSourcesBuildPhase;
			buildActionMask = 2147483647;
			files = (
				368B3876298C8BEE00EAEF5D /* FeedItem.swift in Sources */,
				368B3849298C899800EAEF5D /* ViewController.swift in Sources */,
				368B3845298C899800EAEF5D /* AppDelegate.swift in Sources */,
				368B3882298DB5BD00EAEF5D /* JSONStructure.swift in Sources */,
				36B6F706298F0D3C002E92BD /* Constants.swift in Sources */,
				368B3847298C899800EAEF5D /* SceneDelegate.swift in Sources */,
				368B387B298D8ACC00EAEF5D /* FeedParser.swift in Sources */,
			);
			runOnlyForDeploymentPostprocessing = 0;
		};
		368B3853298C899900EAEF5D /* Sources */ = {
			isa = PBXSourcesBuildPhase;
			buildActionMask = 2147483647;
			files = (
				368B387E298D8B0500EAEF5D /* FeedParserTests.swift in Sources */,
				36B6F704298F08DE002E92BD /* JSONStructure.swift in Sources */,
				368B3884298DB63D00EAEF5D /* JSONTests.swift in Sources */,
				368B3878298C8C0D00EAEF5D /* FeedItemTests.swift in Sources */,
				36B6F703298F08DA002E92BD /* FeedParser.swift in Sources */,
				368B385C298C899900EAEF5D /* WenderlichTests.swift in Sources */,
				368B3880298D8B1C00EAEF5D /* TestData.swift in Sources */,
				368B3879298C8C3D00EAEF5D /* FeedItem.swift in Sources */,
				36B6F707298F0E03002E92BD /* Constants.swift in Sources */,
			);
			runOnlyForDeploymentPostprocessing = 0;
		};
/* End PBXSourcesBuildPhase section */

/* Begin PBXTargetDependency section */
		368B3859298C899900EAEF5D /* PBXTargetDependency */ = {
			isa = PBXTargetDependency;
			target = 368B3840298C899800EAEF5D /* Wenderlich */;
			targetProxy = 368B3858298C899900EAEF5D /* PBXContainerItemProxy */;
		};
/* End PBXTargetDependency section */

/* Begin PBXVariantGroup section */
		368B384A298C899800EAEF5D /* Main.storyboard */ = {
			isa = PBXVariantGroup;
			children = (
				368B384B298C899800EAEF5D /* Base */,
			);
			name = Main.storyboard;
			sourceTree = "<group>";
		};
		368B384F298C899900EAEF5D /* LaunchScreen.storyboard */ = {
			isa = PBXVariantGroup;
			children = (
				368B3850298C899900EAEF5D /* Base */,
			);
			name = LaunchScreen.storyboard;
			sourceTree = "<group>";
		};
/* End PBXVariantGroup section */

/* Begin XCBuildConfiguration section */
		368B3869298C899900EAEF5D /* Debug */ = {
			isa = XCBuildConfiguration;
			buildSettings = {
				ALWAYS_SEARCH_USER_PATHS = NO;
				CLANG_ANALYZER_NONNULL = YES;
				CLANG_ANALYZER_NUMBER_OBJECT_CONVERSION = YES_AGGRESSIVE;
				CLANG_CXX_LANGUAGE_STANDARD = "gnu++20";
				CLANG_ENABLE_MODULES = YES;
				CLANG_ENABLE_OBJC_ARC = YES;
				CLANG_ENABLE_OBJC_WEAK = YES;
				CLANG_WARN_BLOCK_CAPTURE_AUTORELEASING = YES;
				CLANG_WARN_BOOL_CONVERSION = YES;
				CLANG_WARN_COMMA = YES;
				CLANG_WARN_CONSTANT_CONVERSION = YES;
				CLANG_WARN_DEPRECATED_OBJC_IMPLEMENTATIONS = YES;
				CLANG_WARN_DIRECT_OBJC_ISA_USAGE = YES_ERROR;
				CLANG_WARN_DOCUMENTATION_COMMENTS = YES;
				CLANG_WARN_EMPTY_BODY = YES;
				CLANG_WARN_ENUM_CONVERSION = YES;
				CLANG_WARN_INFINITE_RECURSION = YES;
				CLANG_WARN_INT_CONVERSION = YES;
				CLANG_WARN_NON_LITERAL_NULL_CONVERSION = YES;
				CLANG_WARN_OBJC_IMPLICIT_RETAIN_SELF = YES;
				CLANG_WARN_OBJC_LITERAL_CONVERSION = YES;
				CLANG_WARN_OBJC_ROOT_CLASS = YES_ERROR;
				CLANG_WARN_QUOTED_INCLUDE_IN_FRAMEWORK_HEADER = YES;
				CLANG_WARN_RANGE_LOOP_ANALYSIS = YES;
				CLANG_WARN_STRICT_PROTOTYPES = YES;
				CLANG_WARN_SUSPICIOUS_MOVE = YES;
				CLANG_WARN_UNGUARDED_AVAILABILITY = YES_AGGRESSIVE;
				CLANG_WARN_UNREACHABLE_CODE = YES;
				CLANG_WARN__DUPLICATE_METHOD_MATCH = YES;
				COPY_PHASE_STRIP = NO;
				DEBUG_INFORMATION_FORMAT = dwarf;
				ENABLE_STRICT_OBJC_MSGSEND = YES;
				ENABLE_TESTABILITY = YES;
				GCC_C_LANGUAGE_STANDARD = gnu11;
				GCC_DYNAMIC_NO_PIC = NO;
				GCC_NO_COMMON_BLOCKS = YES;
				GCC_OPTIMIZATION_LEVEL = 0;
				GCC_PREPROCESSOR_DEFINITIONS = (
					"DEBUG=1",
					"$(inherited)",
				);
				GCC_WARN_64_TO_32_BIT_CONVERSION = YES;
				GCC_WARN_ABOUT_RETURN_TYPE = YES_ERROR;
				GCC_WARN_UNDECLARED_SELECTOR = YES;
				GCC_WARN_UNINITIALIZED_AUTOS = YES_AGGRESSIVE;
				GCC_WARN_UNUSED_FUNCTION = YES;
				GCC_WARN_UNUSED_VARIABLE = YES;
				IPHONEOS_DEPLOYMENT_TARGET = 16.2;
				MTL_ENABLE_DEBUG_INFO = INCLUDE_SOURCE;
				MTL_FAST_MATH = YES;
				ONLY_ACTIVE_ARCH = YES;
				SDKROOT = iphoneos;
				SWIFT_ACTIVE_COMPILATION_CONDITIONS = DEBUG;
				SWIFT_OPTIMIZATION_LEVEL = "-Onone";
			};
			name = Debug;
		};
		368B386A298C899900EAEF5D /* Release */ = {
			isa = XCBuildConfiguration;
			buildSettings = {
				ALWAYS_SEARCH_USER_PATHS = NO;
				CLANG_ANALYZER_NONNULL = YES;
				CLANG_ANALYZER_NUMBER_OBJECT_CONVERSION = YES_AGGRESSIVE;
				CLANG_CXX_LANGUAGE_STANDARD = "gnu++20";
				CLANG_ENABLE_MODULES = YES;
				CLANG_ENABLE_OBJC_ARC = YES;
				CLANG_ENABLE_OBJC_WEAK = YES;
				CLANG_WARN_BLOCK_CAPTURE_AUTORELEASING = YES;
				CLANG_WARN_BOOL_CONVERSION = YES;
				CLANG_WARN_COMMA = YES;
				CLANG_WARN_CONSTANT_CONVERSION = YES;
				CLANG_WARN_DEPRECATED_OBJC_IMPLEMENTATIONS = YES;
				CLANG_WARN_DIRECT_OBJC_ISA_USAGE = YES_ERROR;
				CLANG_WARN_DOCUMENTATION_COMMENTS = YES;
				CLANG_WARN_EMPTY_BODY = YES;
				CLANG_WARN_ENUM_CONVERSION = YES;
				CLANG_WARN_INFINITE_RECURSION = YES;
				CLANG_WARN_INT_CONVERSION = YES;
				CLANG_WARN_NON_LITERAL_NULL_CONVERSION = YES;
				CLANG_WARN_OBJC_IMPLICIT_RETAIN_SELF = YES;
				CLANG_WARN_OBJC_LITERAL_CONVERSION = YES;
				CLANG_WARN_OBJC_ROOT_CLASS = YES_ERROR;
				CLANG_WARN_QUOTED_INCLUDE_IN_FRAMEWORK_HEADER = YES;
				CLANG_WARN_RANGE_LOOP_ANALYSIS = YES;
				CLANG_WARN_STRICT_PROTOTYPES = YES;
				CLANG_WARN_SUSPICIOUS_MOVE = YES;
				CLANG_WARN_UNGUARDED_AVAILABILITY = YES_AGGRESSIVE;
				CLANG_WARN_UNREACHABLE_CODE = YES;
				CLANG_WARN__DUPLICATE_METHOD_MATCH = YES;
				COPY_PHASE_STRIP = NO;
				DEBUG_INFORMATION_FORMAT = "dwarf-with-dsym";
				ENABLE_NS_ASSERTIONS = NO;
				ENABLE_STRICT_OBJC_MSGSEND = YES;
				GCC_C_LANGUAGE_STANDARD = gnu11;
				GCC_NO_COMMON_BLOCKS = YES;
				GCC_WARN_64_TO_32_BIT_CONVERSION = YES;
				GCC_WARN_ABOUT_RETURN_TYPE = YES_ERROR;
				GCC_WARN_UNDECLARED_SELECTOR = YES;
				GCC_WARN_UNINITIALIZED_AUTOS = YES_AGGRESSIVE;
				GCC_WARN_UNUSED_FUNCTION = YES;
				GCC_WARN_UNUSED_VARIABLE = YES;
				IPHONEOS_DEPLOYMENT_TARGET = 16.2;
				MTL_ENABLE_DEBUG_INFO = NO;
				MTL_FAST_MATH = YES;
				SDKROOT = iphoneos;
				SWIFT_COMPILATION_MODE = wholemodule;
				SWIFT_OPTIMIZATION_LEVEL = "-O";
				VALIDATE_PRODUCT = YES;
			};
			name = Release;
		};
		368B386C298C899900EAEF5D /* Debug */ = {
			isa = XCBuildConfiguration;
			buildSettings = {
				ASSETCATALOG_COMPILER_APPICON_NAME = AppIcon;
				ASSETCATALOG_COMPILER_GLOBAL_ACCENT_COLOR_NAME = AccentColor;
				CODE_SIGN_STYLE = Automatic;
				CURRENT_PROJECT_VERSION = 1;
				GENERATE_INFOPLIST_FILE = YES;
				INFOPLIST_FILE = Wenderlich/Info.plist;
				INFOPLIST_KEY_UIApplicationSupportsIndirectInputEvents = YES;
				INFOPLIST_KEY_UILaunchStoryboardName = LaunchScreen;
				INFOPLIST_KEY_UIMainStoryboardFile = Main;
				INFOPLIST_KEY_UISupportedInterfaceOrientations_iPad = "UIInterfaceOrientationPortrait UIInterfaceOrientationPortraitUpsideDown UIInterfaceOrientationLandscapeLeft UIInterfaceOrientationLandscapeRight";
				INFOPLIST_KEY_UISupportedInterfaceOrientations_iPhone = "UIInterfaceOrientationPortrait UIInterfaceOrientationLandscapeLeft UIInterfaceOrientationLandscapeRight";
				LD_RUNPATH_SEARCH_PATHS = (
					"$(inherited)",
					"@executable_path/Frameworks",
				);
				MARKETING_VERSION = 1.0;
				PRODUCT_BUNDLE_IDENTIFIER = Slick.Wenderlich;
				PRODUCT_NAME = "$(TARGET_NAME)";
				SWIFT_EMIT_LOC_STRINGS = YES;
				SWIFT_VERSION = 5.0;
				TARGETED_DEVICE_FAMILY = "1,2";
			};
			name = Debug;
		};
		368B386D298C899900EAEF5D /* Release */ = {
			isa = XCBuildConfiguration;
			buildSettings = {
				ASSETCATALOG_COMPILER_APPICON_NAME = AppIcon;
				ASSETCATALOG_COMPILER_GLOBAL_ACCENT_COLOR_NAME = AccentColor;
				CODE_SIGN_STYLE = Automatic;
				CURRENT_PROJECT_VERSION = 1;
				GENERATE_INFOPLIST_FILE = YES;
				INFOPLIST_FILE = Wenderlich/Info.plist;
				INFOPLIST_KEY_UIApplicationSupportsIndirectInputEvents = YES;
				INFOPLIST_KEY_UILaunchStoryboardName = LaunchScreen;
				INFOPLIST_KEY_UIMainStoryboardFile = Main;
				INFOPLIST_KEY_UISupportedInterfaceOrientations_iPad = "UIInterfaceOrientationPortrait UIInterfaceOrientationPortraitUpsideDown UIInterfaceOrientationLandscapeLeft UIInterfaceOrientationLandscapeRight";
				INFOPLIST_KEY_UISupportedInterfaceOrientations_iPhone = "UIInterfaceOrientationPortrait UIInterfaceOrientationLandscapeLeft UIInterfaceOrientationLandscapeRight";
				LD_RUNPATH_SEARCH_PATHS = (
					"$(inherited)",
					"@executable_path/Frameworks",
				);
				MARKETING_VERSION = 1.0;
				PRODUCT_BUNDLE_IDENTIFIER = Slick.Wenderlich;
				PRODUCT_NAME = "$(TARGET_NAME)";
				SWIFT_EMIT_LOC_STRINGS = YES;
				SWIFT_VERSION = 5.0;
				TARGETED_DEVICE_FAMILY = "1,2";
			};
			name = Release;
		};
		368B386F298C899900EAEF5D /* Debug */ = {
			isa = XCBuildConfiguration;
			buildSettings = {
				ALWAYS_EMBED_SWIFT_STANDARD_LIBRARIES = YES;
				BUNDLE_LOADER = "$(TEST_HOST)";
				CODE_SIGN_STYLE = Automatic;
				CURRENT_PROJECT_VERSION = 1;
				GENERATE_INFOPLIST_FILE = YES;
				IPHONEOS_DEPLOYMENT_TARGET = 16.2;
				MARKETING_VERSION = 1.0;
				PRODUCT_BUNDLE_IDENTIFIER = Slick.WenderlichTests;
				PRODUCT_NAME = "$(TARGET_NAME)";
				SWIFT_EMIT_LOC_STRINGS = NO;
				SWIFT_VERSION = 5.0;
				TARGETED_DEVICE_FAMILY = "1,2";
				TEST_HOST = "$(BUILT_PRODUCTS_DIR)/Wenderlich.app/$(BUNDLE_EXECUTABLE_FOLDER_PATH)/Wenderlich";
			};
			name = Debug;
		};
		368B3870298C899900EAEF5D /* Release */ = {
			isa = XCBuildConfiguration;
			buildSettings = {
				ALWAYS_EMBED_SWIFT_STANDARD_LIBRARIES = YES;
				BUNDLE_LOADER = "$(TEST_HOST)";
				CODE_SIGN_STYLE = Automatic;
				CURRENT_PROJECT_VERSION = 1;
				GENERATE_INFOPLIST_FILE = YES;
				IPHONEOS_DEPLOYMENT_TARGET = 16.2;
				MARKETING_VERSION = 1.0;
				PRODUCT_BUNDLE_IDENTIFIER = Slick.WenderlichTests;
				PRODUCT_NAME = "$(TARGET_NAME)";
				SWIFT_EMIT_LOC_STRINGS = NO;
				SWIFT_VERSION = 5.0;
				TARGETED_DEVICE_FAMILY = "1,2";
				TEST_HOST = "$(BUILT_PRODUCTS_DIR)/Wenderlich.app/$(BUNDLE_EXECUTABLE_FOLDER_PATH)/Wenderlich";
			};
			name = Release;
		};
/* End XCBuildConfiguration section */

/* Begin XCConfigurationList section */
		368B383C298C899800EAEF5D /* Build configuration list for PBXProject "Wenderlich" */ = {
			isa = XCConfigurationList;
			buildConfigurations = (
				368B3869298C899900EAEF5D /* Debug */,
				368B386A298C899900EAEF5D /* Release */,
			);
			defaultConfigurationIsVisible = 0;
			defaultConfigurationName = Release;
		};
		368B386B298C899900EAEF5D /* Build configuration list for PBXNativeTarget "Wenderlich" */ = {
			isa = XCConfigurationList;
			buildConfigurations = (
				368B386C298C899900EAEF5D /* Debug */,
				368B386D298C899900EAEF5D /* Release */,
			);
			defaultConfigurationIsVisible = 0;
			defaultConfigurationName = Release;
		};
		368B386E298C899900EAEF5D /* Build configuration list for PBXNativeTarget "WenderlichTests" */ = {
			isa = XCConfigurationList;
			buildConfigurations = (
				368B386F298C899900EAEF5D /* Debug */,
				368B3870298C899900EAEF5D /* Release */,
			);
			defaultConfigurationIsVisible = 0;
			defaultConfigurationName = Release;
		};
/* End XCConfigurationList section */
	};
	rootObject = 368B3839298C899800EAEF5D /* Project object */;
}
